// !$*UTF8*$!
{
	archiveVersion = 1;
	classes = {
	};
	objectVersion = 51;
	objects = {

/* Begin PBXBuildFile section */
		8C5ECA639B327B086376B444 /* Pods_DismissDisposse.framework in Frameworks */ = {isa = PBXBuildFile; fileRef = FF7A4DA5B7E940F0A24868D4 /* Pods_DismissDisposse.framework */; };
		B0788FB222F4780D0011CC7E /* AppDelegate.swift in Sources */ = {isa = PBXBuildFile; fileRef = B0788FB122F4780D0011CC7E /* AppDelegate.swift */; };
		B0788FB422F4780D0011CC7E /* ViewController.swift in Sources */ = {isa = PBXBuildFile; fileRef = B0788FB322F4780D0011CC7E /* ViewController.swift */; };
		B0788FB922F4780E0011CC7E /* Assets.xcassets in Resources */ = {isa = PBXBuildFile; fileRef = B0788FB822F4780E0011CC7E /* Assets.xcassets */; };
		B0788FBC22F4780E0011CC7E /* LaunchScreen.storyboard in Resources */ = {isa = PBXBuildFile; fileRef = B0788FBA22F4780E0011CC7E /* LaunchScreen.storyboard */; };
		B0788FC422F479F40011CC7E /* ModalViewController.swift in Sources */ = {isa = PBXBuildFile; fileRef = B0788FC322F479F40011CC7E /* ModalViewController.swift */; };
/* End PBXBuildFile section */

/* Begin PBXFileReference section */
		1B7144073ACA44EB03C65386 /* Pods-DismissDisposse.debug.xcconfig */ = {isa = PBXFileReference; includeInIndex = 1; lastKnownFileType = text.xcconfig; name = "Pods-DismissDisposse.debug.xcconfig"; path = "Target Support Files/Pods-DismissDisposse/Pods-DismissDisposse.debug.xcconfig"; sourceTree = "<group>"; };
		B0788FAE22F4780D0011CC7E /* DismissDisposse.app */ = {isa = PBXFileReference; explicitFileType = wrapper.application; includeInIndex = 0; path = DismissDisposse.app; sourceTree = BUILT_PRODUCTS_DIR; };
		B0788FB122F4780D0011CC7E /* AppDelegate.swift */ = {isa = PBXFileReference; lastKnownFileType = sourcecode.swift; path = AppDelegate.swift; sourceTree = "<group>"; };
		B0788FB322F4780D0011CC7E /* ViewController.swift */ = {isa = PBXFileReference; lastKnownFileType = sourcecode.swift; path = ViewController.swift; sourceTree = "<group>"; };
		B0788FB822F4780E0011CC7E /* Assets.xcassets */ = {isa = PBXFileReference; lastKnownFileType = folder.assetcatalog; path = Assets.xcassets; sourceTree = "<group>"; };
		B0788FBB22F4780E0011CC7E /* Base */ = {isa = PBXFileReference; lastKnownFileType = file.storyboard; name = Base; path = Base.lproj/LaunchScreen.storyboard; sourceTree = "<group>"; };
		B0788FBD22F4780E0011CC7E /* Info.plist */ = {isa = PBXFileReference; lastKnownFileType = text.plist.xml; path = Info.plist; sourceTree = "<group>"; };
		B0788FC322F479F40011CC7E /* ModalViewController.swift */ = {isa = PBXFileReference; lastKnownFileType = sourcecode.swift; name = ModalViewController.swift; path = ../../../../../System/Volumes/Data/Users/intmain/appdev/DismissDisposse/DismissDisposse/ModalViewController.swift; sourceTree = "<group>"; };
		C4DACDF32EA7926EDFDCEB36 /* Pods-DismissDisposse.release.xcconfig */ = {isa = PBXFileReference; includeInIndex = 1; lastKnownFileType = text.xcconfig; name = "Pods-DismissDisposse.release.xcconfig"; path = "Target Support Files/Pods-DismissDisposse/Pods-DismissDisposse.release.xcconfig"; sourceTree = "<group>"; };
		FF7A4DA5B7E940F0A24868D4 /* Pods_DismissDisposse.framework */ = {isa = PBXFileReference; explicitFileType = wrapper.framework; includeInIndex = 0; path = Pods_DismissDisposse.framework; sourceTree = BUILT_PRODUCTS_DIR; };
/* End PBXFileReference section */

/* Begin PBXFrameworksBuildPhase section */
		B0788FAB22F4780D0011CC7E /* Frameworks */ = {
			isa = PBXFrameworksBuildPhase;
			buildActionMask = 2147483647;
			files = (
				8C5ECA639B327B086376B444 /* Pods_DismissDisposse.framework in Frameworks */,
			);
			runOnlyForDeploymentPostprocessing = 0;
		};
/* End PBXFrameworksBuildPhase section */

/* Begin PBXGroup section */
		78BAB11ABF402806069CA3F5 /* Pods */ = {
			isa = PBXGroup;
			children = (
				1B7144073ACA44EB03C65386 /* Pods-DismissDisposse.debug.xcconfig */,
				C4DACDF32EA7926EDFDCEB36 /* Pods-DismissDisposse.release.xcconfig */,
			);
			path = Pods;
			sourceTree = "<group>";
		};
		89B58D422E6A614A64EC0AA1 /* Frameworks */ = {
			isa = PBXGroup;
			children = (
				FF7A4DA5B7E940F0A24868D4 /* Pods_DismissDisposse.framework */,
			);
			name = Frameworks;
			sourceTree = "<group>";
		};
		B0788FA522F4780D0011CC7E = {
			isa = PBXGroup;
			children = (
				B0788FB022F4780D0011CC7E /* DismissDisposse */,
				B0788FAF22F4780D0011CC7E /* Products */,
				78BAB11ABF402806069CA3F5 /* Pods */,
				89B58D422E6A614A64EC0AA1 /* Frameworks */,
			);
			sourceTree = "<group>";
		};
		B0788FAF22F4780D0011CC7E /* Products */ = {
			isa = PBXGroup;
			children = (
				B0788FAE22F4780D0011CC7E /* DismissDisposse.app */,
			);
			name = Products;
			sourceTree = "<group>";
		};
		B0788FB022F4780D0011CC7E /* DismissDisposse */ = {
			isa = PBXGroup;
			children = (
				B0788FB122F4780D0011CC7E /* AppDelegate.swift */,
				B0788FB322F4780D0011CC7E /* ViewController.swift */,
				B0788FC322F479F40011CC7E /* ModalViewController.swift */,
				B0788FB822F4780E0011CC7E /* Assets.xcassets */,
				B0788FBA22F4780E0011CC7E /* LaunchScreen.storyboard */,
				B0788FBD22F4780E0011CC7E /* Info.plist */,
			);
			path = DismissDisposse;
			sourceTree = "<group>";
		};
/* End PBXGroup section */

/* Begin PBXNativeTarget section */
		B0788FAD22F4780D0011CC7E /* DismissDisposse */ = {
			isa = PBXNativeTarget;
			buildConfigurationList = B0788FC022F4780E0011CC7E /* Build configuration list for PBXNativeTarget "DismissDisposse" */;
			buildPhases = (
				2EE980AF40D12145037DB4DD /* [CP] Check Pods Manifest.lock */,
				B0788FAA22F4780D0011CC7E /* Sources */,
				B0788FAB22F4780D0011CC7E /* Frameworks */,
				B0788FAC22F4780D0011CC7E /* Resources */,
				8ED63177BEFED65B0AA85F5B /* [CP] Embed Pods Frameworks */,
			);
			buildRules = (
			);
			dependencies = (
			);
			name = DismissDisposse;
			productName = DismissDisposse;
			productReference = B0788FAE22F4780D0011CC7E /* DismissDisposse.app */;
			productType = "com.apple.product-type.application";
		};
/* End PBXNativeTarget section */

/* Begin PBXProject section */
		B0788FA622F4780D0011CC7E /* Project object */ = {
			isa = PBXProject;
			attributes = {
				LastSwiftUpdateCheck = 1030;
				LastUpgradeCheck = 1030;
				ORGANIZATIONNAME = intmain;
				TargetAttributes = {
					B0788FAD22F4780D0011CC7E = {
						CreatedOnToolsVersion = 10.3;
					};
				};
			};
			buildConfigurationList = B0788FA922F4780D0011CC7E /* Build configuration list for PBXProject "DismissDisposse" */;
			compatibilityVersion = "Xcode 9.3";
			developmentRegion = en;
			hasScannedForEncodings = 0;
			knownRegions = (
				en,
				Base,
			);
			mainGroup = B0788FA522F4780D0011CC7E;
			productRefGroup = B0788FAF22F4780D0011CC7E /* Products */;
			projectDirPath = "";
			projectRoot = "";
			targets = (
				B0788FAD22F4780D0011CC7E /* DismissDisposse */,
			);
		};
/* End PBXProject section */

/* Begin PBXResourcesBuildPhase section */
		B0788FAC22F4780D0011CC7E /* Resources */ = {
			isa = PBXResourcesBuildPhase;
			buildActionMask = 2147483647;
			files = (
				B0788FBC22F4780E0011CC7E /* LaunchScreen.storyboard in Resources */,
				B0788FB922F4780E0011CC7E /* Assets.xcassets in Resources */,
			);
			runOnlyForDeploymentPostprocessing = 0;
		};
/* End PBXResourcesBuildPhase section */

/* Begin PBXShellScriptBuildPhase section */
		2EE980AF40D12145037DB4DD /* [CP] Check Pods Manifest.lock */ = {
			isa = PBXShellScriptBuildPhase;
			buildActionMask = 2147483647;
			files = (
			);
			inputFileListPaths = (
			);
			inputPaths = (
				"${PODS_PODFILE_DIR_PATH}/Podfile.lock",
				"${PODS_ROOT}/Manifest.lock",
			);
			name = "[CP] Check Pods Manifest.lock";
			outputFileListPaths = (
			);
			outputPaths = (
				"$(DERIVED_FILE_DIR)/Pods-DismissDisposse-checkManifestLockResult.txt",
			);
			runOnlyForDeploymentPostprocessing = 0;
			shellPath = /bin/sh;
			shellScript = "diff \"${PODS_PODFILE_DIR_PATH}/Podfile.lock\" \"${PODS_ROOT}/Manifest.lock\" > /dev/null\nif [ $? != 0 ] ; then\n    # print error to STDERR\n    echo \"error: The sandbox is not in sync with the Podfile.lock. Run 'pod install' or update your CocoaPods installation.\" >&2\n    exit 1\nfi\n# This output is used by Xcode 'outputs' to avoid re-running this script phase.\necho \"SUCCESS\" > \"${SCRIPT_OUTPUT_FILE_0}\"\n";
			showEnvVarsInLog = 0;
		};
		8ED63177BEFED65B0AA85F5B /* [CP] Embed Pods Frameworks */ = {
			isa = PBXShellScriptBuildPhase;
			buildActionMask = 2147483647;
			files = (
			);
			inputFileListPaths = (
				"${PODS_ROOT}/Target Support Files/Pods-DismissDisposse/Pods-DismissDisposse-frameworks-${CONFIGURATION}-input-files.xcfilelist",
			);
			name = "[CP] Embed Pods Frameworks";
			outputFileListPaths = (
				"${PODS_ROOT}/Target Support Files/Pods-DismissDisposse/Pods-DismissDisposse-frameworks-${CONFIGURATION}-output-files.xcfilelist",
			);
			runOnlyForDeploymentPostprocessing = 0;
			shellPath = /bin/sh;
			shellScript = "\"${PODS_ROOT}/Target Support Files/Pods-DismissDisposse/Pods-DismissDisposse-frameworks.sh\"\n";
			showEnvVarsInLog = 0;
		};
/* End PBXShellScriptBuildPhase section */

/* Begin PBXSourcesBuildPhase section */
		B0788FAA22F4780D0011CC7E /* Sources */ = {
			isa = PBXSourcesBuildPhase;
			buildActionMask = 2147483647;
			files = (
				B0788FB422F4780D0011CC7E /* ViewController.swift in Sources */,
				B0788FC422F479F40011CC7E /* ModalViewController.swift in Sources */,
				B0788FB222F4780D0011CC7E /* AppDelegate.swift in Sources */,
			);
			runOnlyForDeploymentPostprocessing = 0;
		};
/* End PBXSourcesBuildPhase section */

/* Begin PBXVariantGroup section */
		B0788FBA22F4780E0011CC7E /* LaunchScreen.storyboard */ = {
			isa = PBXVariantGroup;
			children = (
				B0788FBB22F4780E0011CC7E /* Base */,
			);
			name = LaunchScreen.storyboard;
			sourceTree = "<group>";
		};
/* End PBXVariantGroup section */

/* Begin XCBuildConfiguration section */
		B0788FBE22F4780E0011CC7E /* Debug */ = {
			isa = XCBuildConfiguration;
			buildSettings = {
				ALWAYS_SEARCH_USER_PATHS = NO;
				CLANG_ANALYZER_NONNULL = YES;
				CLANG_ANALYZER_NUMBER_OBJECT_CONVERSION = YES_AGGRESSIVE;
				CLANG_CXX_LANGUAGE_STANDARD = "gnu++14";
				CLANG_CXX_LIBRARY = "libc++";
				CLANG_ENABLE_MODULES = YES;
				CLANG_ENABLE_OBJC_ARC = YES;
				CLANG_ENABLE_OBJC_WEAK = YES;
				CLANG_WARN_BLOCK_CAPTURE_AUTORELEASING = YES;
				CLANG_WARN_BOOL_CONVERSION = YES;
				CLANG_WARN_COMMA = YES;
				CLANG_WARN_CONSTANT_CONVERSION = YES;
				CLANG_WARN_DEPRECATED_OBJC_IMPLEMENTATIONS = YES;
				CLANG_WARN_DIRECT_OBJC_ISA_USAGE = YES_ERROR;
				CLANG_WARN_DOCUMENTATION_COMMENTS = YES;
				CLANG_WARN_EMPTY_BODY = YES;
				CLANG_WARN_ENUM_CONVERSION = YES;
				CLANG_WARN_INFINITE_RECURSION = YES;
				CLANG_WARN_INT_CONVERSION = YES;
				CLANG_WARN_NON_LITERAL_NULL_CONVERSION = YES;
				CLANG_WARN_OBJC_IMPLICIT_RETAIN_SELF = YES;
				CLANG_WARN_OBJC_LITERAL_CONVERSION = YES;
				CLANG_WARN_OBJC_ROOT_CLASS = YES_ERROR;
				CLANG_WARN_RANGE_LOOP_ANALYSIS = YES;
				CLANG_WARN_STRICT_PROTOTYPES = YES;
				CLANG_WARN_SUSPICIOUS_MOVE = YES;
				CLANG_WARN_UNGUARDED_AVAILABILITY = YES_AGGRESSIVE;
				CLANG_WARN_UNREACHABLE_CODE = YES;
				CLANG_WARN__DUPLICATE_METHOD_MATCH = YES;
				CODE_SIGN_IDENTITY = "iPhone Developer";
				COPY_PHASE_STRIP = NO;
				DEBUG_INFORMATION_FORMAT = dwarf;
				ENABLE_STRICT_OBJC_MSGSEND = YES;
				ENABLE_TESTABILITY = YES;
				GCC_C_LANGUAGE_STANDARD = gnu11;
				GCC_DYNAMIC_NO_PIC = NO;
				GCC_NO_COMMON_BLOCKS = YES;
				GCC_OPTIMIZATION_LEVEL = 0;
				GCC_PREPROCESSOR_DEFINITIONS = (
					"DEBUG=1",
					"$(inherited)",
				);
				GCC_WARN_64_TO_32_BIT_CONVERSION = YES;
				GCC_WARN_ABOUT_RETURN_TYPE = YES_ERROR;
				GCC_WARN_UNDECLARED_SELECTOR = YES;
				GCC_WARN_UNINITIALIZED_AUTOS = YES_AGGRESSIVE;
				GCC_WARN_UNUSED_FUNCTION = YES;
				GCC_WARN_UNUSED_VARIABLE = YES;
				IPHONEOS_DEPLOYMENT_TARGET = 12.4;
				MTL_ENABLE_DEBUG_INFO = INCLUDE_SOURCE;
				MTL_FAST_MATH = YES;
				ONLY_ACTIVE_ARCH = YES;
				SDKROOT = iphoneos;
				SWIFT_ACTIVE_COMPILATION_CONDITIONS = DEBUG;
				SWIFT_OPTIMIZATION_LEVEL = "-Onone";
			};
			name = Debug;
		};
		B0788FBF22F4780E0011CC7E /* Release */ = {
			isa = XCBuildConfiguration;
			buildSettings = {
				ALWAYS_SEARCH_USER_PATHS = NO;
				CLANG_ANALYZER_NONNULL = YES;
				CLANG_ANALYZER_NUMBER_OBJECT_CONVERSION = YES_AGGRESSIVE;
				CLANG_CXX_LANGUAGE_STANDARD = "gnu++14";
				CLANG_CXX_LIBRARY = "libc++";
				CLANG_ENABLE_MODULES = YES;
				CLANG_ENABLE_OBJC_ARC = YES;
				CLANG_ENABLE_OBJC_WEAK = YES;
				CLANG_WARN_BLOCK_CAPTURE_AUTORELEASING = YES;
				CLANG_WARN_BOOL_CONVERSION = YES;
				CLANG_WARN_COMMA = YES;
				CLANG_WARN_CONSTANT_CONVERSION = YES;
				CLANG_WARN_DEPRECATED_OBJC_IMPLEMENTATIONS = YES;
				CLANG_WARN_DIRECT_OBJC_ISA_USAGE = YES_ERROR;
				CLANG_WARN_DOCUMENTATION_COMMENTS = YES;
				CLANG_WARN_EMPTY_BODY = YES;
				CLANG_WARN_ENUM_CONVERSION = YES;
				CLANG_WARN_INFINITE_RECURSION = YES;
				CLANG_WARN_INT_CONVERSION = YES;
				CLANG_WARN_NON_LITERAL_NULL_CONVERSION = YES;
				CLANG_WARN_OBJC_IMPLICIT_RETAIN_SELF = YES;
				CLANG_WARN_OBJC_LITERAL_CONVERSION = YES;
				CLANG_WARN_OBJC_ROOT_CLASS = YES_ERROR;
				CLANG_WARN_RANGE_LOOP_ANALYSIS = YES;
				CLANG_WARN_STRICT_PROTOTYPES = YES;
				CLANG_WARN_SUSPICIOUS_MOVE = YES;
				CLANG_WARN_UNGUARDED_AVAILABILITY = YES_AGGRESSIVE;
				CLANG_WARN_UNREACHABLE_CODE = YES;
				CLANG_WARN__DUPLICATE_METHOD_MATCH = YES;
				CODE_SIGN_IDENTITY = "iPhone Developer";
				COPY_PHASE_STRIP = NO;
				DEBUG_INFORMATION_FORMAT = "dwarf-with-dsym";
				ENABLE_NS_ASSERTIONS = NO;
				ENABLE_STRICT_OBJC_MSGSEND = YES;
				GCC_C_LANGUAGE_STANDARD = gnu11;
				GCC_NO_COMMON_BLOCKS = YES;
				GCC_WARN_64_TO_32_BIT_CONVERSION = YES;
				GCC_WARN_ABOUT_RETURN_TYPE = YES_ERROR;
				GCC_WARN_UNDECLARED_SELECTOR = YES;
				GCC_WARN_UNINITIALIZED_AUTOS = YES_AGGRESSIVE;
				GCC_WARN_UNUSED_FUNCTION = YES;
				GCC_WARN_UNUSED_VARIABLE = YES;
				IPHONEOS_DEPLOYMENT_TARGET = 12.4;
				MTL_ENABLE_DEBUG_INFO = NO;
				MTL_FAST_MATH = YES;
				SDKROOT = iphoneos;
				SWIFT_COMPILATION_MODE = wholemodule;
				SWIFT_OPTIMIZATION_LEVEL = "-O";
				VALIDATE_PRODUCT = YES;
			};
			name = Release;
		};
		B0788FC122F4780E0011CC7E /* Debug */ = {
			isa = XCBuildConfiguration;
			baseConfigurationReference = 1B7144073ACA44EB03C65386 /* Pods-DismissDisposse.debug.xcconfig */;
			buildSettings = {
				ASSETCATALOG_COMPILER_APPICON_NAME = AppIcon;
				CODE_SIGN_STYLE = Automatic;
				INFOPLIST_FILE = DismissDisposse/Info.plist;
				LD_RUNPATH_SEARCH_PATHS = (
					"$(inherited)",
					"@executable_path/Frameworks",
				);
				PRODUCT_BUNDLE_IDENTIFIER = com.intmain.DismissDisposse;
				PRODUCT_NAME = "$(TARGET_NAME)";
				SWIFT_VERSION = 5.0;
				TARGETED_DEVICE_FAMILY = "1,2";
			};
			name = Debug;
		};
		B0788FC222F4780E0011CC7E /* Release */ = {
			isa = XCBuildConfiguration;
			baseConfigurationReference = C4DACDF32EA7926EDFDCEB36 /* Pods-DismissDisposse.release.xcconfig */;
			buildSettings = {
				ASSETCATALOG_COMPILER_APPICON_NAME = AppIcon;
				CODE_SIGN_STYLE = Automatic;
				INFOPLIST_FILE = DismissDisposse/Info.plist;
				LD_RUNPATH_SEARCH_PATHS = (
					"$(inherited)",
					"@executable_path/Frameworks",
				);
				PRODUCT_BUNDLE_IDENTIFIER = com.intmain.DismissDisposse;
				PRODUCT_NAME = "$(TARGET_NAME)";
				SWIFT_VERSION = 5.0;
				TARGETED_DEVICE_FAMILY = "1,2";
			};
			name = Release;
		};
/* End XCBuildConfiguration section */

/* Begin XCConfigurationList section */
		B0788FA922F4780D0011CC7E /* Build configuration list for PBXProject "DismissDisposse" */ = {
			isa = XCConfigurationList;
			buildConfigurations = (
				B0788FBE22F4780E0011CC7E /* Debug */,
				B0788FBF22F4780E0011CC7E /* Release */,
			);
			defaultConfigurationIsVisible = 0;
			defaultConfigurationName = Release;
		};
		B0788FC022F4780E0011CC7E /* Build configuration list for PBXNativeTarget "DismissDisposse" */ = {
			isa = XCConfigurationList;
			buildConfigurations = (
				B0788FC122F4780E0011CC7E /* Debug */,
				B0788FC222F4780E0011CC7E /* Release */,
			);
			defaultConfigurationIsVisible = 0;
			defaultConfigurationName = Release;
		};
/* End XCConfigurationList section */
	};
	rootObject = B0788FA622F4780D0011CC7E /* Project object */;
}
